
Microsoft Visual Studio Solution File, Format Version 12.00
# Visual Studio Version 17
VisualStudioVersion = 17.2.32505.173
MinimumVisualStudioVersion = 10.0.40219.1
Project("{FAE04EC0-301F-11D3-BF4B-00C04F79EFBC}") = "ConsoleApp3", "ConsoleApp3\ConsoleApp3.csproj", "{835F7FA5-16AA-4FDD-89F7-7D58C6FD7641}"
EndProject
Global
	GlobalSection(SolutionConfigurationPlatforms) = preSolution
		Debug|Any CPU = Debug|Any CPU
		Release|Any CPU = Release|Any CPU
	EndGlobalSection
	GlobalSection(ProjectConfigurationPlatforms) = postSolution
		{835F7FA5-16AA-4FDD-89F7-7D58C6FD7641}.Debug|Any CPU.ActiveCfg = Debug|Any CPU
		{835F7FA5-16AA-4FDD-89F7-7D58C6FD7641}.Debug|Any CPU.Build.0 = Debug|Any CPU
		{835F7FA5-16AA-4FDD-89F7-7D58C6FD7641}.Release|Any CPU.ActiveCfg = Release|Any CPU
		{835F7FA5-16AA-4FDD-89F7-7D58C6FD7641}.Release|Any CPU.Build.0 = Release|Any CPU
	EndGlobalSection
	GlobalSection(SolutionProperties) = preSolution
		HideSolutionNode = FALSE
	EndGlobalSection
	GlobalSection(ExtensibilityGlobals) = postSolution
		SolutionGuid = {9342BD69-2F9E-47A5-BF11-DC1C88C48977}
	EndGlobalSection
EndGlobal
